
Microsoft Visual Studio Solution File, Format Version 12.00
# Visual Studio Version 17
VisualStudioVersion = 17.3.32929.385
MinimumVisualStudioVersion = 10.0.40219.1
Project("{9A19103F-16F7-4668-BE54-9A1E7A4F7556}") = "OnlineVisaApplicationSystem", "OnlineVisaApplicationSystem\OnlineVisaApplicationSystem.csproj", "{35558CEA-7F61-4E83-924F-6B525431EFE0}"
	ProjectSection(ProjectDependencies) = postProject
		{5F629B49-B16C-4788-B615-0B4457F938B6} = {5F629B49-B16C-4788-B615-0B4457F938B6}
	EndProjectSection
EndProject
Project("{9A19103F-16F7-4668-BE54-9A1E7A4F7556}") = "VisaWebAPI", "VisaWebAPI\VisaWebAPI.csproj", "{83BFB1BB-DC56-4CCB-B839-AD15B6665EF0}"
EndProject
Project("{9A19103F-16F7-4668-BE54-9A1E7A4F7556}") = "DataModel", "DataModelLayer\DataModel.csproj", "{E9F497C7-6219-40F7-B4C5-44DADB1341AF}"
EndProject
Project("{9A19103F-16F7-4668-BE54-9A1E7A4F7556}") = "Service", "Service\Service.csproj", "{8B1DEEFD-6BCC-4DDF-A3D8-FF8F3B81BDBE}"
EndProject
Project("{FAE04EC0-301F-11D3-BF4B-00C04F79EFBC}") = "Utils", "Util\Utils.csproj", "{5F629B49-B16C-4788-B615-0B4457F938B6}"
EndProject
Global
	GlobalSection(SolutionConfigurationPlatforms) = preSolution
		Debug|Any CPU = Debug|Any CPU
		Release|Any CPU = Release|Any CPU
	EndGlobalSection
	GlobalSection(ProjectConfigurationPlatforms) = postSolution
		{35558CEA-7F61-4E83-924F-6B525431EFE0}.Debug|Any CPU.ActiveCfg = Debug|Any CPU
		{35558CEA-7F61-4E83-924F-6B525431EFE0}.Debug|Any CPU.Build.0 = Debug|Any CPU
		{35558CEA-7F61-4E83-924F-6B525431EFE0}.Release|Any CPU.ActiveCfg = Release|Any CPU
		{35558CEA-7F61-4E83-924F-6B525431EFE0}.Release|Any CPU.Build.0 = Release|Any CPU
		{83BFB1BB-DC56-4CCB-B839-AD15B6665EF0}.Debug|Any CPU.ActiveCfg = Debug|Any CPU
		{83BFB1BB-DC56-4CCB-B839-AD15B6665EF0}.Debug|Any CPU.Build.0 = Debug|Any CPU
		{83BFB1BB-DC56-4CCB-B839-AD15B6665EF0}.Release|Any CPU.ActiveCfg = Release|Any CPU
		{83BFB1BB-DC56-4CCB-B839-AD15B6665EF0}.Release|Any CPU.Build.0 = Release|Any CPU
		{E9F497C7-6219-40F7-B4C5-44DADB1341AF}.Debug|Any CPU.ActiveCfg = Debug|Any CPU
		{E9F497C7-6219-40F7-B4C5-44DADB1341AF}.Debug|Any CPU.Build.0 = Debug|Any CPU
		{E9F497C7-6219-40F7-B4C5-44DADB1341AF}.Release|Any CPU.ActiveCfg = Release|Any CPU
		{E9F497C7-6219-40F7-B4C5-44DADB1341AF}.Release|Any CPU.Build.0 = Release|Any CPU
		{8B1DEEFD-6BCC-4DDF-A3D8-FF8F3B81BDBE}.Debug|Any CPU.ActiveCfg = Debug|Any CPU
		{8B1DEEFD-6BCC-4DDF-A3D8-FF8F3B81BDBE}.Debug|Any CPU.Build.0 = Debug|Any CPU
		{8B1DEEFD-6BCC-4DDF-A3D8-FF8F3B81BDBE}.Release|Any CPU.ActiveCfg = Release|Any CPU
		{8B1DEEFD-6BCC-4DDF-A3D8-FF8F3B81BDBE}.Release|Any CPU.Build.0 = Release|Any CPU
		{5F629B49-B16C-4788-B615-0B4457F938B6}.Debug|Any CPU.ActiveCfg = Debug|Any CPU
		{5F629B49-B16C-4788-B615-0B4457F938B6}.Debug|Any CPU.Build.0 = Debug|Any CPU
		{5F629B49-B16C-4788-B615-0B4457F938B6}.Release|Any CPU.ActiveCfg = Release|Any CPU
		{5F629B49-B16C-4788-B615-0B4457F938B6}.Release|Any CPU.Build.0 = Release|Any CPU
	EndGlobalSection
	GlobalSection(SolutionProperties) = preSolution
		HideSolutionNode = FALSE
	EndGlobalSection
	GlobalSection(ExtensibilityGlobals) = postSolution
		SolutionGuid = {C2EECF87-F1F4-4D08-BF6B-0363CF5146D0}
	EndGlobalSection
EndGlobal
